{
  "version": 4,
  "terraform_version": "1.9.4",
  "serial": 16,
  "lineage": "dfb9b4db-25f4-8f6e-3507-eca5bfa22a42",
  "outputs": {},
  "resources": [
    {
      "mode": "managed",
      "type": "aws_vpc",
      "name": "venkatesh",
      "provider": "provider[\"registry.terraform.io/hashicorp/aws\"]",
      "instances": [
        {
          "schema_version": 1,
          "attributes": {
            "arn": "arn:aws:ec2:ap-south-1:058264293088:vpc/vpc-04a2199ebdb738737",
            "assign_generated_ipv6_cidr_block": false,
            "cidr_block": "10.0.0.0/16",
            "default_network_acl_id": "acl-0f4f0ad945c05a3cf",
            "default_route_table_id": "rtb-095b78cbd5038c452",
            "default_security_group_id": "sg-04d9dcdeab5623003",
            "dhcp_options_id": "dopt-01a5581f25725c994",
            "enable_dns_hostnames": false,
            "enable_dns_support": true,
            "enable_network_address_usage_metrics": false,
            "id": "vpc-04a2199ebdb738737",
            "instance_tenancy": "default",
            "ipv4_ipam_pool_id": null,
            "ipv4_netmask_length": null,
            "ipv6_association_id": "",
            "ipv6_cidr_block": "",
            "ipv6_cidr_block_network_border_group": "",
            "ipv6_ipam_pool_id": "",
            "ipv6_netmask_length": 0,
            "main_route_table_id": "rtb-095b78cbd5038c452",
            "owner_id": "058264293088",
            "tags": {
              "Name": "venkyy"
            },
            "tags_all": {
              "Name": "venkyy"
            }
          },
          "sensitive_attributes": [],
          "private": "eyJzY2hlbWFfdmVyc2lvbiI6IjEifQ=="
        }
      ]
    }
  ],
  "check_results": null
}
